
Microsoft Visual Studio Solution File, Format Version 12.00
# Visual Studio Version 17
VisualStudioVersion = 17.9.34701.34
MinimumVisualStudioVersion = 10.0.40219.1
Project("{FAE04EC0-301F-11D3-BF4B-00C04F79EFBC}") = "WinFormsApp2", "WinFormsApp2.csproj", "{7101F98B-CDED-4197-9A28-B7BDCD3A7057}"
EndProject
Global
	GlobalSection(SolutionConfigurationPlatforms) = preSolution
		Debug|Any CPU = Debug|Any CPU
		Release|Any CPU = Release|Any CPU
	EndGlobalSection
	GlobalSection(ProjectConfigurationPlatforms) = postSolution
		{7101F98B-CDED-4197-9A28-B7BDCD3A7057}.Debug|Any CPU.ActiveCfg = Debug|Any CPU
		{7101F98B-CDED-4197-9A28-B7BDCD3A7057}.Debug|Any CPU.Build.0 = Debug|Any CPU
		{7101F98B-CDED-4197-9A28-B7BDCD3A7057}.Release|Any CPU.ActiveCfg = Release|Any CPU
		{7101F98B-CDED-4197-9A28-B7BDCD3A7057}.Release|Any CPU.Build.0 = Release|Any CPU
	EndGlobalSection
	GlobalSection(SolutionProperties) = preSolution
		HideSolutionNode = FALSE
	EndGlobalSection
	GlobalSection(ExtensibilityGlobals) = postSolution
		SolutionGuid = {DBF2E14A-FE03-4B60-A91B-E610099C7E49}
	EndGlobalSection
EndGlobal
